
Microsoft Visual Studio Solution File, Format Version 12.00
# Visual Studio Version 17
VisualStudioVersion = 17.8.34525.116
MinimumVisualStudioVersion = 10.0.40219.1
Project("{9A19103F-16F7-4668-BE54-9A1E7A4F7556}") = "Tutorials", "Tutorials\Tutorials.csproj", "{EF4C240E-1C43-4C81-9EE2-67181238F1C0}"
EndProject
Global
	GlobalSection(SolutionConfigurationPlatforms) = preSolution
		Debug|Any CPU = Debug|Any CPU
		Release|Any CPU = Release|Any CPU
	EndGlobalSection
	GlobalSection(ProjectConfigurationPlatforms) = postSolution
		{EF4C240E-1C43-4C81-9EE2-67181238F1C0}.Debug|Any CPU.ActiveCfg = Debug|Any CPU
		{EF4C240E-1C43-4C81-9EE2-67181238F1C0}.Debug|Any CPU.Build.0 = Debug|Any CPU
		{EF4C240E-1C43-4C81-9EE2-67181238F1C0}.Release|Any CPU.ActiveCfg = Release|Any CPU
		{EF4C240E-1C43-4C81-9EE2-67181238F1C0}.Release|Any CPU.Build.0 = Release|Any CPU
	EndGlobalSection
	GlobalSection(SolutionProperties) = preSolution
		HideSolutionNode = FALSE
	EndGlobalSection
	GlobalSection(ExtensibilityGlobals) = postSolution
		SolutionGuid = {0F6A80B5-394B-40F2-B58B-B58E13EF6E4B}
	EndGlobalSection
EndGlobal
